
Microsoft Visual Studio Solution File, Format Version 12.00
# Visual Studio Version 17
VisualStudioVersion = 17.3.32929.385
MinimumVisualStudioVersion = 10.0.40219.1
Project("{8BC9CEB8-8B4A-11D0-8D11-00A0C91BC942}") = "MyLibrary", "MyLibrary.vcxproj", "{1D515C11-3D10-49CF-A160-4EBA11DC68FC}"
EndProject
Project("{8BC9CEB8-8B4A-11D0-8D11-00A0C91BC942}") = "Homework_11_1", "..\Homework_11_1\Homework_11_1.vcxproj", "{7165AE72-B8AF-4CF3-9ED5-2ADA408C8E29}"
EndProject
Global
	GlobalSection(SolutionConfigurationPlatforms) = preSolution
		Debug|x64 = Debug|x64
		Debug|x86 = Debug|x86
		Release|x64 = Release|x64
		Release|x86 = Release|x86
	EndGlobalSection
	GlobalSection(ProjectConfigurationPlatforms) = postSolution
		{1D515C11-3D10-49CF-A160-4EBA11DC68FC}.Debug|x64.ActiveCfg = Debug|x64
		{1D515C11-3D10-49CF-A160-4EBA11DC68FC}.Debug|x64.Build.0 = Debug|x64
		{1D515C11-3D10-49CF-A160-4EBA11DC68FC}.Debug|x86.ActiveCfg = Debug|Win32
		{1D515C11-3D10-49CF-A160-4EBA11DC68FC}.Debug|x86.Build.0 = Debug|Win32
		{1D515C11-3D10-49CF-A160-4EBA11DC68FC}.Release|x64.ActiveCfg = Release|x64
		{1D515C11-3D10-49CF-A160-4EBA11DC68FC}.Release|x64.Build.0 = Release|x64
		{1D515C11-3D10-49CF-A160-4EBA11DC68FC}.Release|x86.ActiveCfg = Release|Win32
		{1D515C11-3D10-49CF-A160-4EBA11DC68FC}.Release|x86.Build.0 = Release|Win32
		{7165AE72-B8AF-4CF3-9ED5-2ADA408C8E29}.Debug|x64.ActiveCfg = Debug|x64
		{7165AE72-B8AF-4CF3-9ED5-2ADA408C8E29}.Debug|x64.Build.0 = Debug|x64
		{7165AE72-B8AF-4CF3-9ED5-2ADA408C8E29}.Debug|x86.ActiveCfg = Debug|Win32
		{7165AE72-B8AF-4CF3-9ED5-2ADA408C8E29}.Debug|x86.Build.0 = Debug|Win32
		{7165AE72-B8AF-4CF3-9ED5-2ADA408C8E29}.Release|x64.ActiveCfg = Release|x64
		{7165AE72-B8AF-4CF3-9ED5-2ADA408C8E29}.Release|x64.Build.0 = Release|x64
		{7165AE72-B8AF-4CF3-9ED5-2ADA408C8E29}.Release|x86.ActiveCfg = Release|Win32
		{7165AE72-B8AF-4CF3-9ED5-2ADA408C8E29}.Release|x86.Build.0 = Release|Win32
	EndGlobalSection
	GlobalSection(SolutionProperties) = preSolution
		HideSolutionNode = FALSE
	EndGlobalSection
	GlobalSection(ExtensibilityGlobals) = postSolution
		SolutionGuid = {1107EC3A-1501-429B-A29D-84C34FEF35F1}
	EndGlobalSection
EndGlobal
